
Microsoft Visual Studio Solution File, Format Version 12.00
# Visual Studio Version 17
VisualStudioVersion = 17.4.33213.308
MinimumVisualStudioVersion = 10.0.40219.1
Project("{FAE04EC0-301F-11D3-BF4B-00C04F79EFBC}") = "Tictactoe", "Tictactoe\Tictactoe.csproj", "{1CFCFECC-6798-4492-83DA-ECF8361F6818}"
EndProject
Global
	GlobalSection(SolutionConfigurationPlatforms) = preSolution
		Debug|Any CPU = Debug|Any CPU
		Release|Any CPU = Release|Any CPU
	EndGlobalSection
	GlobalSection(ProjectConfigurationPlatforms) = postSolution
		{1CFCFECC-6798-4492-83DA-ECF8361F6818}.Debug|Any CPU.ActiveCfg = Debug|Any CPU
		{1CFCFECC-6798-4492-83DA-ECF8361F6818}.Debug|Any CPU.Build.0 = Debug|Any CPU
		{1CFCFECC-6798-4492-83DA-ECF8361F6818}.Release|Any CPU.ActiveCfg = Release|Any CPU
		{1CFCFECC-6798-4492-83DA-ECF8361F6818}.Release|Any CPU.Build.0 = Release|Any CPU
	EndGlobalSection
	GlobalSection(SolutionProperties) = preSolution
		HideSolutionNode = FALSE
	EndGlobalSection
	GlobalSection(ExtensibilityGlobals) = postSolution
		SolutionGuid = {756176AB-FD59-4741-8186-F0AED3264674}
	EndGlobalSection
EndGlobal
